
Microsoft Visual Studio Solution File, Format Version 12.00
# Visual Studio Version 16
VisualStudioVersion = 16.0.31313.79
MinimumVisualStudioVersion = 10.0.40219.1
Project("{FAE04EC0-301F-11D3-BF4B-00C04F79EFBC}") = "avocadoFactoryDesignPattren", "avocadoFactoryDesignPattren\avocadoFactoryDesignPattren.csproj", "{A70677E2-506B-4E48-ABB2-5B7A6124C57B}"
EndProject
Global
	GlobalSection(SolutionConfigurationPlatforms) = preSolution
		Debug|Any CPU = Debug|Any CPU
		Release|Any CPU = Release|Any CPU
	EndGlobalSection
	GlobalSection(ProjectConfigurationPlatforms) = postSolution
		{A70677E2-506B-4E48-ABB2-5B7A6124C57B}.Debug|Any CPU.ActiveCfg = Debug|Any CPU
		{A70677E2-506B-4E48-ABB2-5B7A6124C57B}.Debug|Any CPU.Build.0 = Debug|Any CPU
		{A70677E2-506B-4E48-ABB2-5B7A6124C57B}.Release|Any CPU.ActiveCfg = Release|Any CPU
		{A70677E2-506B-4E48-ABB2-5B7A6124C57B}.Release|Any CPU.Build.0 = Release|Any CPU
	EndGlobalSection
	GlobalSection(SolutionProperties) = preSolution
		HideSolutionNode = FALSE
	EndGlobalSection
	GlobalSection(ExtensibilityGlobals) = postSolution
		SolutionGuid = {644671BD-A52E-48A6-8521-A8C9EF76F5B5}
	EndGlobalSection
EndGlobal
