
Microsoft Visual Studio Solution File, Format Version 12.00
# Visual Studio Version 16
VisualStudioVersion = 16.0.31129.286
MinimumVisualStudioVersion = 10.0.40219.1
Project("{FAE04EC0-301F-11D3-BF4B-00C04F79EFBC}") = "designpatren3", "designpatren3.csproj", "{F5028F8B-1475-4184-9593-F2872F5FEEF7}"
EndProject
Global
	GlobalSection(SolutionConfigurationPlatforms) = preSolution
		Debug|Any CPU = Debug|Any CPU
		Release|Any CPU = Release|Any CPU
	EndGlobalSection
	GlobalSection(ProjectConfigurationPlatforms) = postSolution
		{F5028F8B-1475-4184-9593-F2872F5FEEF7}.Debug|Any CPU.ActiveCfg = Debug|Any CPU
		{F5028F8B-1475-4184-9593-F2872F5FEEF7}.Debug|Any CPU.Build.0 = Debug|Any CPU
		{F5028F8B-1475-4184-9593-F2872F5FEEF7}.Release|Any CPU.ActiveCfg = Release|Any CPU
		{F5028F8B-1475-4184-9593-F2872F5FEEF7}.Release|Any CPU.Build.0 = Release|Any CPU
	EndGlobalSection
	GlobalSection(SolutionProperties) = preSolution
		HideSolutionNode = FALSE
	EndGlobalSection
	GlobalSection(ExtensibilityGlobals) = postSolution
		SolutionGuid = {108AC8C5-8D78-4F6B-A4F5-D5C0040EA04B}
	EndGlobalSection
EndGlobal
