
Microsoft Visual Studio Solution File, Format Version 12.00
# Visual Studio Version 16
VisualStudioVersion = 16.0.31321.278
MinimumVisualStudioVersion = 10.0.40219.1
Project("{FAE04EC0-301F-11D3-BF4B-00C04F79EFBC}") = "Factory", "Factory\Factory.csproj", "{1382A721-B012-4F9F-9D7A-EF2BF569D23C}"
EndProject
Global
	GlobalSection(SolutionConfigurationPlatforms) = preSolution
		Debug|Any CPU = Debug|Any CPU
		Release|Any CPU = Release|Any CPU
	EndGlobalSection
	GlobalSection(ProjectConfigurationPlatforms) = postSolution
		{1382A721-B012-4F9F-9D7A-EF2BF569D23C}.Debug|Any CPU.ActiveCfg = Debug|Any CPU
		{1382A721-B012-4F9F-9D7A-EF2BF569D23C}.Debug|Any CPU.Build.0 = Debug|Any CPU
		{1382A721-B012-4F9F-9D7A-EF2BF569D23C}.Release|Any CPU.ActiveCfg = Release|Any CPU
		{1382A721-B012-4F9F-9D7A-EF2BF569D23C}.Release|Any CPU.Build.0 = Release|Any CPU
	EndGlobalSection
	GlobalSection(SolutionProperties) = preSolution
		HideSolutionNode = FALSE
	EndGlobalSection
	GlobalSection(ExtensibilityGlobals) = postSolution
		SolutionGuid = {1416EF96-8067-49AA-B27C-076263B15127}
	EndGlobalSection
EndGlobal
