
Microsoft Visual Studio Solution File, Format Version 12.00
Project("{FAE04EC0-301F-11D3-BF4B-00C04F79EFBC}") = "FactoryDesignPattren", "FactoryDesignPattren\FactoryDesignPattren.csproj", "{CC210A30-0873-471F-BF1A-E28553F41DBF}"
EndProject
Global
	GlobalSection(SolutionConfigurationPlatforms) = preSolution
		Debug|Any CPU = Debug|Any CPU
		Release|Any CPU = Release|Any CPU
	EndGlobalSection
	GlobalSection(ProjectConfigurationPlatforms) = postSolution
		{CC210A30-0873-471F-BF1A-E28553F41DBF}.Debug|Any CPU.ActiveCfg = Debug|Any CPU
		{CC210A30-0873-471F-BF1A-E28553F41DBF}.Debug|Any CPU.Build.0 = Debug|Any CPU
		{CC210A30-0873-471F-BF1A-E28553F41DBF}.Release|Any CPU.ActiveCfg = Release|Any CPU
		{CC210A30-0873-471F-BF1A-E28553F41DBF}.Release|Any CPU.Build.0 = Release|Any CPU
	EndGlobalSection
EndGlobal
